
Microsoft Visual Studio Solution File, Format Version 12.00
# Visual Studio Version 17
VisualStudioVersion = 17.14.35906.104 d17.14
MinimumVisualStudioVersion = 10.0.40219.1
Project("{FAE04EC0-301F-11D3-BF4B-00C04F79EFBC}") = "EventEaseAppFinal", "EventEaseAppFinal\EventEaseAppFinal.csproj", "{44BCFE61-0FD4-4720-A995-C4110375BD89}"
EndProject
Global
	GlobalSection(SolutionConfigurationPlatforms) = preSolution
		Debug|Any CPU = Debug|Any CPU
		Release|Any CPU = Release|Any CPU
	EndGlobalSection
	GlobalSection(ProjectConfigurationPlatforms) = postSolution
		{44BCFE61-0FD4-4720-A995-C4110375BD89}.Debug|Any CPU.ActiveCfg = Debug|Any CPU
		{44BCFE61-0FD4-4720-A995-C4110375BD89}.Debug|Any CPU.Build.0 = Debug|Any CPU
		{44BCFE61-0FD4-4720-A995-C4110375BD89}.Release|Any CPU.ActiveCfg = Release|Any CPU
		{44BCFE61-0FD4-4720-A995-C4110375BD89}.Release|Any CPU.Build.0 = Release|Any CPU
	EndGlobalSection
	GlobalSection(SolutionProperties) = preSolution
		HideSolutionNode = FALSE
	EndGlobalSection
	GlobalSection(ExtensibilityGlobals) = postSolution
		SolutionGuid = {819DBE85-A5AC-4EAE-AC0A-A9C7667599E8}
	EndGlobalSection
EndGlobal
